schema: '2.0'
stages:
  preprocess:
    cmd: python src/preprocess.py
    deps:
    - path: data/raw/train_FD001.txt
      hash: md5
      md5: 259f340bac32ce6fa8894815600fa757
      size: 3515356
    - path: src/preprocess.py
      hash: md5
      md5: 07aa6bc88c63c95f6620a5a2b98e2cb7
      size: 1218
    params:
      params.yaml:
        rul_cap: 125
    outs:
    - path: data/processed/train_FD001_processed.csv
      hash: md5
      md5: 4ff8deb6d5773f0d849d1aa7133312f6
      size: 7205827
  train:
    cmd: python src/train.py
    deps:
    - path: data/processed/train_FD001_processed.csv
      hash: md5
      md5: 4ff8deb6d5773f0d849d1aa7133312f6
      size: 7205827
    - path: src/train.py
      hash: md5
      md5: 73b7d503625d27914e225bad4b0099da
      size: 1024
    params:
      params.yaml:
        max_depth: 5
        n_estimators: 40
        random_state: 20
        test_size: 0.15
    outs:
    - path: data/processed/test_split.csv
      hash: md5
      md5: c7216b310715d3f544b4941935005405
      size: 950928
    - path: model.pkl
      hash: md5
      md5: 366fcc4a01aef7e08c1082892d39603f
      size: 195729
  evaluate:
    cmd: python src/evaluate.py
    deps:
    - path: data/processed/test_split.csv
      hash: md5
      md5: c7216b310715d3f544b4941935005405
      size: 950928
    - path: model.pkl
      hash: md5
      md5: 366fcc4a01aef7e08c1082892d39603f
      size: 195729
    - path: src/evaluate.py
      hash: md5
      md5: 1c8a85e566b7c3a982668ddbdde74970
      size: 714
    outs:
    - path: metrics.json
      hash: md5
      md5: 69b34aa6870d964a4065c47c4796803f
      size: 64
